{
  "name": "hyperapp-custom-element",
  "version": "0.0.1",
  "lockfileVersion": 1,
  "requires": true,
  "dependencies": {
    "hyperapp": {
      "version": "2.0.8",
      "resolved": "https://registry.npmjs.org/hyperapp/-/hyperapp-2.0.8.tgz",
      "integrity": "sha512-RZxmJ3G4VcR23RZfmK6U8KR7wHhXrbXAhKvjQuyg/kAv1bEIymdxUsrJAwtfXj0aasGU7CDQP70Gb2KwfxgJ/w==",
      "dev": true
    },
    "prettier": {
      "version": "2.0.5",
      "resolved": "https://registry.npmjs.org/prettier/-/prettier-2.0.5.tgz",
      "integrity": "sha512-7PtVymN48hGcO4fGjybyBSIWDsLU4H4XlvOHfq91pz9kkGlonzwTfYkaIEwiRg/dAJF9YlbsduBAgtYLi+8cFg==",
      "dev": true
    }
  }
}
